// !$*UTF8*$!
{
	archiveVersion = 1;
	classes = {
	};
	objectVersion = 50;
	objects = {

/* Begin PBXBuildFile section */
		9A0FB31C2539EA1500BC9BA4 /* main.swift in Sources */ = {isa = PBXBuildFile; fileRef = 9A0FB31B2539EA1500BC9BA4 /* main.swift */; };
		9A0FB3282539EC4F00BC9BA4 /* TypeVariable.swift in Sources */ = {isa = PBXBuildFile; fileRef = 9A0FB3272539EC4F00BC9BA4 /* TypeVariable.swift */; };
		9A0FB32B2539EDB500BC9BA4 /* Rule.swift in Sources */ = {isa = PBXBuildFile; fileRef = 9A0FB32A2539EDB500BC9BA4 /* Rule.swift */; };
		9A0FB32D2539EE3400BC9BA4 /* ContextFree.swift in Sources */ = {isa = PBXBuildFile; fileRef = 9A0FB32C2539EE3400BC9BA4 /* ContextFree.swift */; };
		9A0FB3302539F21500BC9BA4 /* Exemples.swift in Sources */ = {isa = PBXBuildFile; fileRef = 9A0FB32F2539F21500BC9BA4 /* Exemples.swift */; };
		9A0FB332253A02DC00BC9BA4 /* Chomsky.swift in Sources */ = {isa = PBXBuildFile; fileRef = 9A0FB331253A02DC00BC9BA4 /* Chomsky.swift */; };
		9A0FB335253A069600BC9BA4 /* ArrayExtension.swift in Sources */ = {isa = PBXBuildFile; fileRef = 9A0FB334253A069600BC9BA4 /* ArrayExtension.swift */; };
		9A0FB337253A0B1600BC9BA4 /* LanguageElements.swift in Sources */ = {isa = PBXBuildFile; fileRef = 9A0FB336253A0B1600BC9BA4 /* LanguageElements.swift */; };
		9A0FB339253A3D8500BC9BA4 /* StringExtension.swift in Sources */ = {isa = PBXBuildFile; fileRef = 9A0FB338253A3D8500BC9BA4 /* StringExtension.swift */; };
/* End PBXBuildFile section */

/* Begin PBXCopyFilesBuildPhase section */
		9A0FB3162539EA1500BC9BA4 /* CopyFiles */ = {
			isa = PBXCopyFilesBuildPhase;
			buildActionMask = 2147483647;
			dstPath = /usr/share/man/man1/;
			dstSubfolderSpec = 0;
			files = (
			);
			runOnlyForDeploymentPostprocessing = 1;
		};
/* End PBXCopyFilesBuildPhase section */

/* Begin PBXFileReference section */
		9A0FB3182539EA1500BC9BA4 /* Chomsky_CYK */ = {isa = PBXFileReference; explicitFileType = "compiled.mach-o.executable"; includeInIndex = 0; path = Chomsky_CYK; sourceTree = BUILT_PRODUCTS_DIR; };
		9A0FB31B2539EA1500BC9BA4 /* main.swift */ = {isa = PBXFileReference; lastKnownFileType = sourcecode.swift; path = main.swift; sourceTree = "<group>"; };
		9A0FB3272539EC4F00BC9BA4 /* TypeVariable.swift */ = {isa = PBXFileReference; lastKnownFileType = sourcecode.swift; path = TypeVariable.swift; sourceTree = "<group>"; };
		9A0FB32A2539EDB500BC9BA4 /* Rule.swift */ = {isa = PBXFileReference; lastKnownFileType = sourcecode.swift; path = Rule.swift; sourceTree = "<group>"; };
		9A0FB32C2539EE3400BC9BA4 /* ContextFree.swift */ = {isa = PBXFileReference; lastKnownFileType = sourcecode.swift; path = ContextFree.swift; sourceTree = "<group>"; };
		9A0FB32F2539F21500BC9BA4 /* Exemples.swift */ = {isa = PBXFileReference; lastKnownFileType = sourcecode.swift; path = Exemples.swift; sourceTree = "<group>"; };
		9A0FB331253A02DC00BC9BA4 /* Chomsky.swift */ = {isa = PBXFileReference; lastKnownFileType = sourcecode.swift; path = Chomsky.swift; sourceTree = "<group>"; };
		9A0FB334253A069600BC9BA4 /* ArrayExtension.swift */ = {isa = PBXFileReference; lastKnownFileType = sourcecode.swift; path = ArrayExtension.swift; sourceTree = "<group>"; };
		9A0FB336253A0B1600BC9BA4 /* LanguageElements.swift */ = {isa = PBXFileReference; lastKnownFileType = sourcecode.swift; path = LanguageElements.swift; sourceTree = "<group>"; };
		9A0FB338253A3D8500BC9BA4 /* StringExtension.swift */ = {isa = PBXFileReference; lastKnownFileType = sourcecode.swift; path = StringExtension.swift; sourceTree = "<group>"; };
/* End PBXFileReference section */

/* Begin PBXFrameworksBuildPhase section */
		9A0FB3152539EA1500BC9BA4 /* Frameworks */ = {
			isa = PBXFrameworksBuildPhase;
			buildActionMask = 2147483647;
			files = (
			);
			runOnlyForDeploymentPostprocessing = 0;
		};
/* End PBXFrameworksBuildPhase section */

/* Begin PBXGroup section */
		9A0FB30F2539EA1500BC9BA4 = {
			isa = PBXGroup;
			children = (
				9A0FB31A2539EA1500BC9BA4 /* Chomsky_CYK */,
				9A0FB3192539EA1500BC9BA4 /* Products */,
			);
			sourceTree = "<group>";
		};
		9A0FB3192539EA1500BC9BA4 /* Products */ = {
			isa = PBXGroup;
			children = (
				9A0FB3182539EA1500BC9BA4 /* Chomsky_CYK */,
			);
			name = Products;
			sourceTree = "<group>";
		};
		9A0FB31A2539EA1500BC9BA4 /* Chomsky_CYK */ = {
			isa = PBXGroup;
			children = (
				9A0FB3252539EC0F00BC9BA4 /* Utils */,
				9A0FB3242539EC0A00BC9BA4 /* CYK */,
				9A0FB3232539EBFD00BC9BA4 /* Chomsky */,
				9A0FB31B2539EA1500BC9BA4 /* main.swift */,
			);
			path = Chomsky_CYK;
			sourceTree = "<group>";
		};
		9A0FB3232539EBFD00BC9BA4 /* Chomsky */ = {
			isa = PBXGroup;
			children = (
				9A0FB331253A02DC00BC9BA4 /* Chomsky.swift */,
			);
			path = Chomsky;
			sourceTree = "<group>";
		};
		9A0FB3242539EC0A00BC9BA4 /* CYK */ = {
			isa = PBXGroup;
			children = (
			);
			path = CYK;
			sourceTree = "<group>";
		};
		9A0FB3252539EC0F00BC9BA4 /* Utils */ = {
			isa = PBXGroup;
			children = (
				9A0FB333253A068B00BC9BA4 /* Extension */,
				9A0FB32E2539F20800BC9BA4 /* Exemples */,
				9A0FB3292539EDA600BC9BA4 /* Model */,
				9A0FB3262539EC1A00BC9BA4 /* Enum */,
			);
			path = Utils;
			sourceTree = "<group>";
		};
		9A0FB3262539EC1A00BC9BA4 /* Enum */ = {
			isa = PBXGroup;
			children = (
				9A0FB3272539EC4F00BC9BA4 /* TypeVariable.swift */,
			);
			path = Enum;
			sourceTree = "<group>";
		};
		9A0FB3292539EDA600BC9BA4 /* Model */ = {
			isa = PBXGroup;
			children = (
				9A0FB32A2539EDB500BC9BA4 /* Rule.swift */,
				9A0FB32C2539EE3400BC9BA4 /* ContextFree.swift */,
				9A0FB336253A0B1600BC9BA4 /* LanguageElements.swift */,
			);
			path = Model;
			sourceTree = "<group>";
		};
		9A0FB32E2539F20800BC9BA4 /* Exemples */ = {
			isa = PBXGroup;
			children = (
				9A0FB32F2539F21500BC9BA4 /* Exemples.swift */,
			);
			path = Exemples;
			sourceTree = "<group>";
		};
		9A0FB333253A068B00BC9BA4 /* Extension */ = {
			isa = PBXGroup;
			children = (
				9A0FB334253A069600BC9BA4 /* ArrayExtension.swift */,
				9A0FB338253A3D8500BC9BA4 /* StringExtension.swift */,
			);
			path = Extension;
			sourceTree = "<group>";
		};
/* End PBXGroup section */

/* Begin PBXNativeTarget section */
		9A0FB3172539EA1500BC9BA4 /* Chomsky_CYK */ = {
			isa = PBXNativeTarget;
			buildConfigurationList = 9A0FB31F2539EA1500BC9BA4 /* Build configuration list for PBXNativeTarget "Chomsky_CYK" */;
			buildPhases = (
				9A0FB3142539EA1500BC9BA4 /* Sources */,
				9A0FB3152539EA1500BC9BA4 /* Frameworks */,
				9A0FB3162539EA1500BC9BA4 /* CopyFiles */,
				9A0FB3222539EAA300BC9BA4 /* Swift Lint */,
			);
			buildRules = (
			);
			dependencies = (
			);
			name = Chomsky_CYK;
			productName = Chomsky_CYK;
			productReference = 9A0FB3182539EA1500BC9BA4 /* Chomsky_CYK */;
			productType = "com.apple.product-type.tool";
		};
/* End PBXNativeTarget section */

/* Begin PBXProject section */
		9A0FB3102539EA1500BC9BA4 /* Project object */ = {
			isa = PBXProject;
			attributes = {
				LastSwiftUpdateCheck = 1170;
				LastUpgradeCheck = 1170;
				ORGANIZATIONNAME = "Joao Batista";
				TargetAttributes = {
					9A0FB3172539EA1500BC9BA4 = {
						CreatedOnToolsVersion = 11.7;
					};
				};
			};
			buildConfigurationList = 9A0FB3132539EA1500BC9BA4 /* Build configuration list for PBXProject "Chomsky_CYK" */;
			compatibilityVersion = "Xcode 9.3";
			developmentRegion = en;
			hasScannedForEncodings = 0;
			knownRegions = (
				en,
				Base,
			);
			mainGroup = 9A0FB30F2539EA1500BC9BA4;
			productRefGroup = 9A0FB3192539EA1500BC9BA4 /* Products */;
			projectDirPath = "";
			projectRoot = "";
			targets = (
				9A0FB3172539EA1500BC9BA4 /* Chomsky_CYK */,
			);
		};
/* End PBXProject section */

/* Begin PBXShellScriptBuildPhase section */
		9A0FB3222539EAA300BC9BA4 /* Swift Lint */ = {
			isa = PBXShellScriptBuildPhase;
			buildActionMask = 2147483647;
			files = (
			);
			inputFileListPaths = (
			);
			inputPaths = (
			);
			name = "Swift Lint";
			outputFileListPaths = (
			);
			outputPaths = (
			);
			runOnlyForDeploymentPostprocessing = 0;
			shellPath = /bin/sh;
			shellScript = "# Type a script or drag a script file from your workspace to insert its path.\nif which swiftlint >/dev/null; then\n  swiftlint\nelse\n  echo \"warning: SwiftLint not installed, download from https://github.com/realm/SwiftLint\"\nfi\n";
		};
/* End PBXShellScriptBuildPhase section */

/* Begin PBXSourcesBuildPhase section */
		9A0FB3142539EA1500BC9BA4 /* Sources */ = {
			isa = PBXSourcesBuildPhase;
			buildActionMask = 2147483647;
			files = (
				9A0FB32B2539EDB500BC9BA4 /* Rule.swift in Sources */,
				9A0FB31C2539EA1500BC9BA4 /* main.swift in Sources */,
				9A0FB337253A0B1600BC9BA4 /* LanguageElements.swift in Sources */,
				9A0FB3302539F21500BC9BA4 /* Exemples.swift in Sources */,
				9A0FB3282539EC4F00BC9BA4 /* TypeVariable.swift in Sources */,
				9A0FB339253A3D8500BC9BA4 /* StringExtension.swift in Sources */,
				9A0FB335253A069600BC9BA4 /* ArrayExtension.swift in Sources */,
				9A0FB332253A02DC00BC9BA4 /* Chomsky.swift in Sources */,
				9A0FB32D2539EE3400BC9BA4 /* ContextFree.swift in Sources */,
			);
			runOnlyForDeploymentPostprocessing = 0;
		};
/* End PBXSourcesBuildPhase section */

/* Begin XCBuildConfiguration section */
		9A0FB31D2539EA1500BC9BA4 /* Debug */ = {
			isa = XCBuildConfiguration;
			buildSettings = {
				ALWAYS_SEARCH_USER_PATHS = NO;
				CLANG_ANALYZER_NONNULL = YES;
				CLANG_ANALYZER_NUMBER_OBJECT_CONVERSION = YES_AGGRESSIVE;
				CLANG_CXX_LANGUAGE_STANDARD = "gnu++14";
				CLANG_CXX_LIBRARY = "libc++";
				CLANG_ENABLE_MODULES = YES;
				CLANG_ENABLE_OBJC_ARC = YES;
				CLANG_ENABLE_OBJC_WEAK = YES;
				CLANG_WARN_BLOCK_CAPTURE_AUTORELEASING = YES;
				CLANG_WARN_BOOL_CONVERSION = YES;
				CLANG_WARN_COMMA = YES;
				CLANG_WARN_CONSTANT_CONVERSION = YES;
				CLANG_WARN_DEPRECATED_OBJC_IMPLEMENTATIONS = YES;
				CLANG_WARN_DIRECT_OBJC_ISA_USAGE = YES_ERROR;
				CLANG_WARN_DOCUMENTATION_COMMENTS = YES;
				CLANG_WARN_EMPTY_BODY = YES;
				CLANG_WARN_ENUM_CONVERSION = YES;
				CLANG_WARN_INFINITE_RECURSION = YES;
				CLANG_WARN_INT_CONVERSION = YES;
				CLANG_WARN_NON_LITERAL_NULL_CONVERSION = YES;
				CLANG_WARN_OBJC_IMPLICIT_RETAIN_SELF = YES;
				CLANG_WARN_OBJC_LITERAL_CONVERSION = YES;
				CLANG_WARN_OBJC_ROOT_CLASS = YES_ERROR;
				CLANG_WARN_RANGE_LOOP_ANALYSIS = YES;
				CLANG_WARN_STRICT_PROTOTYPES = YES;
				CLANG_WARN_SUSPICIOUS_MOVE = YES;
				CLANG_WARN_UNGUARDED_AVAILABILITY = YES_AGGRESSIVE;
				CLANG_WARN_UNREACHABLE_CODE = YES;
				CLANG_WARN__DUPLICATE_METHOD_MATCH = YES;
				COPY_PHASE_STRIP = NO;
				DEBUG_INFORMATION_FORMAT = dwarf;
				ENABLE_STRICT_OBJC_MSGSEND = YES;
				ENABLE_TESTABILITY = YES;
				GCC_C_LANGUAGE_STANDARD = gnu11;
				GCC_DYNAMIC_NO_PIC = NO;
				GCC_NO_COMMON_BLOCKS = YES;
				GCC_OPTIMIZATION_LEVEL = 0;
				GCC_PREPROCESSOR_DEFINITIONS = (
					"DEBUG=1",
					"$(inherited)",
				);
				GCC_WARN_64_TO_32_BIT_CONVERSION = YES;
				GCC_WARN_ABOUT_RETURN_TYPE = YES_ERROR;
				GCC_WARN_UNDECLARED_SELECTOR = YES;
				GCC_WARN_UNINITIALIZED_AUTOS = YES_AGGRESSIVE;
				GCC_WARN_UNUSED_FUNCTION = YES;
				GCC_WARN_UNUSED_VARIABLE = YES;
				MACOSX_DEPLOYMENT_TARGET = 10.15;
				MTL_ENABLE_DEBUG_INFO = INCLUDE_SOURCE;
				MTL_FAST_MATH = YES;
				ONLY_ACTIVE_ARCH = YES;
				SDKROOT = macosx;
				SWIFT_ACTIVE_COMPILATION_CONDITIONS = DEBUG;
				SWIFT_OPTIMIZATION_LEVEL = "-Onone";
			};
			name = Debug;
		};
		9A0FB31E2539EA1500BC9BA4 /* Release */ = {
			isa = XCBuildConfiguration;
			buildSettings = {
				ALWAYS_SEARCH_USER_PATHS = NO;
				CLANG_ANALYZER_NONNULL = YES;
				CLANG_ANALYZER_NUMBER_OBJECT_CONVERSION = YES_AGGRESSIVE;
				CLANG_CXX_LANGUAGE_STANDARD = "gnu++14";
				CLANG_CXX_LIBRARY = "libc++";
				CLANG_ENABLE_MODULES = YES;
				CLANG_ENABLE_OBJC_ARC = YES;
				CLANG_ENABLE_OBJC_WEAK = YES;
				CLANG_WARN_BLOCK_CAPTURE_AUTORELEASING = YES;
				CLANG_WARN_BOOL_CONVERSION = YES;
				CLANG_WARN_COMMA = YES;
				CLANG_WARN_CONSTANT_CONVERSION = YES;
				CLANG_WARN_DEPRECATED_OBJC_IMPLEMENTATIONS = YES;
				CLANG_WARN_DIRECT_OBJC_ISA_USAGE = YES_ERROR;
				CLANG_WARN_DOCUMENTATION_COMMENTS = YES;
				CLANG_WARN_EMPTY_BODY = YES;
				CLANG_WARN_ENUM_CONVERSION = YES;
				CLANG_WARN_INFINITE_RECURSION = YES;
				CLANG_WARN_INT_CONVERSION = YES;
				CLANG_WARN_NON_LITERAL_NULL_CONVERSION = YES;
				CLANG_WARN_OBJC_IMPLICIT_RETAIN_SELF = YES;
				CLANG_WARN_OBJC_LITERAL_CONVERSION = YES;
				CLANG_WARN_OBJC_ROOT_CLASS = YES_ERROR;
				CLANG_WARN_RANGE_LOOP_ANALYSIS = YES;
				CLANG_WARN_STRICT_PROTOTYPES = YES;
				CLANG_WARN_SUSPICIOUS_MOVE = YES;
				CLANG_WARN_UNGUARDED_AVAILABILITY = YES_AGGRESSIVE;
				CLANG_WARN_UNREACHABLE_CODE = YES;
				CLANG_WARN__DUPLICATE_METHOD_MATCH = YES;
				COPY_PHASE_STRIP = NO;
				DEBUG_INFORMATION_FORMAT = "dwarf-with-dsym";
				ENABLE_NS_ASSERTIONS = NO;
				ENABLE_STRICT_OBJC_MSGSEND = YES;
				GCC_C_LANGUAGE_STANDARD = gnu11;
				GCC_NO_COMMON_BLOCKS = YES;
				GCC_WARN_64_TO_32_BIT_CONVERSION = YES;
				GCC_WARN_ABOUT_RETURN_TYPE = YES_ERROR;
				GCC_WARN_UNDECLARED_SELECTOR = YES;
				GCC_WARN_UNINITIALIZED_AUTOS = YES_AGGRESSIVE;
				GCC_WARN_UNUSED_FUNCTION = YES;
				GCC_WARN_UNUSED_VARIABLE = YES;
				MACOSX_DEPLOYMENT_TARGET = 10.15;
				MTL_ENABLE_DEBUG_INFO = NO;
				MTL_FAST_MATH = YES;
				SDKROOT = macosx;
				SWIFT_COMPILATION_MODE = wholemodule;
				SWIFT_OPTIMIZATION_LEVEL = "-O";
			};
			name = Release;
		};
		9A0FB3202539EA1500BC9BA4 /* Debug */ = {
			isa = XCBuildConfiguration;
			buildSettings = {
				CODE_SIGN_STYLE = Automatic;
				DEVELOPMENT_TEAM = 6XYJN7S9JQ;
				ENABLE_HARDENED_RUNTIME = YES;
				PRODUCT_NAME = "$(TARGET_NAME)";
				SWIFT_VERSION = 5.0;
			};
			name = Debug;
		};
		9A0FB3212539EA1500BC9BA4 /* Release */ = {
			isa = XCBuildConfiguration;
			buildSettings = {
				CODE_SIGN_STYLE = Automatic;
				DEVELOPMENT_TEAM = 6XYJN7S9JQ;
				ENABLE_HARDENED_RUNTIME = YES;
				PRODUCT_NAME = "$(TARGET_NAME)";
				SWIFT_VERSION = 5.0;
			};
			name = Release;
		};
/* End XCBuildConfiguration section */

/* Begin XCConfigurationList section */
		9A0FB3132539EA1500BC9BA4 /* Build configuration list for PBXProject "Chomsky_CYK" */ = {
			isa = XCConfigurationList;
			buildConfigurations = (
				9A0FB31D2539EA1500BC9BA4 /* Debug */,
				9A0FB31E2539EA1500BC9BA4 /* Release */,
			);
			defaultConfigurationIsVisible = 0;
			defaultConfigurationName = Release;
		};
		9A0FB31F2539EA1500BC9BA4 /* Build configuration list for PBXNativeTarget "Chomsky_CYK" */ = {
			isa = XCConfigurationList;
			buildConfigurations = (
				9A0FB3202539EA1500BC9BA4 /* Debug */,
				9A0FB3212539EA1500BC9BA4 /* Release */,
			);
			defaultConfigurationIsVisible = 0;
			defaultConfigurationName = Release;
		};
/* End XCConfigurationList section */
	};
	rootObject = 9A0FB3102539EA1500BC9BA4 /* Project object */;
}
